
Microsoft Visual Studio Solution File, Format Version 12.00
# Visual Studio Version 16
VisualStudioVersion = 16.0.30907.101
MinimumVisualStudioVersion = 10.0.40219.1
Project("{FAE04EC0-301F-11D3-BF4B-00C04F79EFBC}") = "FormularioBecas", "FormularioBecas.csproj", "{8305D7EF-C53E-4630-A940-AB4DE9AA29CF}"
EndProject
Global
	GlobalSection(SolutionConfigurationPlatforms) = preSolution
		Debug|Any CPU = Debug|Any CPU
		Release|Any CPU = Release|Any CPU
	EndGlobalSection
	GlobalSection(ProjectConfigurationPlatforms) = postSolution
		{8305D7EF-C53E-4630-A940-AB4DE9AA29CF}.Debug|Any CPU.ActiveCfg = Debug|Any CPU
		{8305D7EF-C53E-4630-A940-AB4DE9AA29CF}.Debug|Any CPU.Build.0 = Debug|Any CPU
		{8305D7EF-C53E-4630-A940-AB4DE9AA29CF}.Release|Any CPU.ActiveCfg = Release|Any CPU
		{8305D7EF-C53E-4630-A940-AB4DE9AA29CF}.Release|Any CPU.Build.0 = Release|Any CPU
	EndGlobalSection
	GlobalSection(SolutionProperties) = preSolution
		HideSolutionNode = FALSE
	EndGlobalSection
	GlobalSection(ExtensibilityGlobals) = postSolution
		SolutionGuid = {E339DC70-7F69-446C-899C-A592B7B51584}
	EndGlobalSection
EndGlobal
